// !$*UTF8*$!
{
	archiveVersion = 1;
	classes = {
	};
	objectVersion = 50;
	objects = {

/* Begin PBXBuildFile section */
		2764541321913C8D00758BEA /* AppDelegate.m in Sources */ = {isa = PBXBuildFile; fileRef = 2764541221913C8D00758BEA /* AppDelegate.m */; };
		2764541621913C8E00758BEA /* ViewController.m in Sources */ = {isa = PBXBuildFile; fileRef = 2764541521913C8E00758BEA /* ViewController.m */; };
		2764541921913C8E00758BEA /* Main.storyboard in Resources */ = {isa = PBXBuildFile; fileRef = 2764541721913C8E00758BEA /* Main.storyboard */; };
		2764541B21913C9E00758BEA /* Assets.xcassets in Resources */ = {isa = PBXBuildFile; fileRef = 2764541A21913C9E00758BEA /* Assets.xcassets */; };
		2764541E21913C9E00758BEA /* LaunchScreen.storyboard in Resources */ = {isa = PBXBuildFile; fileRef = 2764541C21913C9E00758BEA /* LaunchScreen.storyboard */; };
		2764542121913C9E00758BEA /* main.m in Sources */ = {isa = PBXBuildFile; fileRef = 2764542021913C9E00758BEA /* main.m */; };
		2764542B21913C9E00758BEA /* CollectionView_____Tests.m in Sources */ = {isa = PBXBuildFile; fileRef = 2764542A21913C9E00758BEA /* CollectionView_____Tests.m */; };
		2764543621913C9E00758BEA /* CollectionView_____UITests.m in Sources */ = {isa = PBXBuildFile; fileRef = 2764543521913C9E00758BEA /* CollectionView_____UITests.m */; };
/* End PBXBuildFile section */

/* Begin PBXContainerItemProxy section */
		2764542721913C9E00758BEA /* PBXContainerItemProxy */ = {
			isa = PBXContainerItemProxy;
			containerPortal = 2764540621913C8C00758BEA /* Project object */;
			proxyType = 1;
			remoteGlobalIDString = 2764540D21913C8C00758BEA;
			remoteInfo = "CollectionView的收起展开";
		};
		2764543221913C9E00758BEA /* PBXContainerItemProxy */ = {
			isa = PBXContainerItemProxy;
			containerPortal = 2764540621913C8C00758BEA /* Project object */;
			proxyType = 1;
			remoteGlobalIDString = 2764540D21913C8C00758BEA;
			remoteInfo = "CollectionView的收起展开";
		};
/* End PBXContainerItemProxy section */

/* Begin PBXFileReference section */
		2764540E21913C8C00758BEA /* CollectionView的收起展开.app */ = {isa = PBXFileReference; explicitFileType = wrapper.application; includeInIndex = 0; path = "CollectionView的收起展开.app"; sourceTree = BUILT_PRODUCTS_DIR; };
		2764541121913C8D00758BEA /* AppDelegate.h */ = {isa = PBXFileReference; lastKnownFileType = sourcecode.c.h; path = AppDelegate.h; sourceTree = "<group>"; };
		2764541221913C8D00758BEA /* AppDelegate.m */ = {isa = PBXFileReference; lastKnownFileType = sourcecode.c.objc; path = AppDelegate.m; sourceTree = "<group>"; };
		2764541421913C8D00758BEA /* ViewController.h */ = {isa = PBXFileReference; lastKnownFileType = sourcecode.c.h; path = ViewController.h; sourceTree = "<group>"; };
		2764541521913C8E00758BEA /* ViewController.m */ = {isa = PBXFileReference; lastKnownFileType = sourcecode.c.objc; path = ViewController.m; sourceTree = "<group>"; };
		2764541821913C8E00758BEA /* Base */ = {isa = PBXFileReference; lastKnownFileType = file.storyboard; name = Base; path = Base.lproj/Main.storyboard; sourceTree = "<group>"; };
		2764541A21913C9E00758BEA /* Assets.xcassets */ = {isa = PBXFileReference; lastKnownFileType = folder.assetcatalog; path = Assets.xcassets; sourceTree = "<group>"; };
		2764541D21913C9E00758BEA /* Base */ = {isa = PBXFileReference; lastKnownFileType = file.storyboard; name = Base; path = Base.lproj/LaunchScreen.storyboard; sourceTree = "<group>"; };
		2764541F21913C9E00758BEA /* Info.plist */ = {isa = PBXFileReference; lastKnownFileType = text.plist.xml; path = Info.plist; sourceTree = "<group>"; };
		2764542021913C9E00758BEA /* main.m */ = {isa = PBXFileReference; lastKnownFileType = sourcecode.c.objc; path = main.m; sourceTree = "<group>"; };
		2764542621913C9E00758BEA /* CollectionView的收起展开Tests.xctest */ = {isa = PBXFileReference; explicitFileType = wrapper.cfbundle; includeInIndex = 0; path = "CollectionView的收起展开Tests.xctest"; sourceTree = BUILT_PRODUCTS_DIR; };
		2764542A21913C9E00758BEA /* CollectionView_____Tests.m */ = {isa = PBXFileReference; lastKnownFileType = sourcecode.c.objc; path = "CollectionView_____Tests.m"; sourceTree = "<group>"; };
		2764542C21913C9E00758BEA /* Info.plist */ = {isa = PBXFileReference; lastKnownFileType = text.plist.xml; path = Info.plist; sourceTree = "<group>"; };
		2764543121913C9E00758BEA /* CollectionView的收起展开UITests.xctest */ = {isa = PBXFileReference; explicitFileType = wrapper.cfbundle; includeInIndex = 0; path = "CollectionView的收起展开UITests.xctest"; sourceTree = BUILT_PRODUCTS_DIR; };
		2764543521913C9E00758BEA /* CollectionView_____UITests.m */ = {isa = PBXFileReference; lastKnownFileType = sourcecode.c.objc; path = "CollectionView_____UITests.m"; sourceTree = "<group>"; };
		2764543721913C9E00758BEA /* Info.plist */ = {isa = PBXFileReference; lastKnownFileType = text.plist.xml; path = Info.plist; sourceTree = "<group>"; };
/* End PBXFileReference section */

/* Begin PBXFrameworksBuildPhase section */
		2764540B21913C8C00758BEA /* Frameworks */ = {
			isa = PBXFrameworksBuildPhase;
			buildActionMask = 2147483647;
			files = (
			);
			runOnlyForDeploymentPostprocessing = 0;
		};
		2764542321913C9E00758BEA /* Frameworks */ = {
			isa = PBXFrameworksBuildPhase;
			buildActionMask = 2147483647;
			files = (
			);
			runOnlyForDeploymentPostprocessing = 0;
		};
		2764542E21913C9E00758BEA /* Frameworks */ = {
			isa = PBXFrameworksBuildPhase;
			buildActionMask = 2147483647;
			files = (
			);
			runOnlyForDeploymentPostprocessing = 0;
		};
/* End PBXFrameworksBuildPhase section */

/* Begin PBXGroup section */
		2764540521913C8B00758BEA = {
			isa = PBXGroup;
			children = (
				2764541021913C8D00758BEA /* CollectionView的收起展开 */,
				2764542921913C9E00758BEA /* CollectionView的收起展开Tests */,
				2764543421913C9E00758BEA /* CollectionView的收起展开UITests */,
				2764540F21913C8C00758BEA /* Products */,
			);
			sourceTree = "<group>";
		};
		2764540F21913C8C00758BEA /* Products */ = {
			isa = PBXGroup;
			children = (
				2764540E21913C8C00758BEA /* CollectionView的收起展开.app */,
				2764542621913C9E00758BEA /* CollectionView的收起展开Tests.xctest */,
				2764543121913C9E00758BEA /* CollectionView的收起展开UITests.xctest */,
			);
			name = Products;
			sourceTree = "<group>";
		};
		2764541021913C8D00758BEA /* CollectionView的收起展开 */ = {
			isa = PBXGroup;
			children = (
				2764541121913C8D00758BEA /* AppDelegate.h */,
				2764541221913C8D00758BEA /* AppDelegate.m */,
				2764541421913C8D00758BEA /* ViewController.h */,
				2764541521913C8E00758BEA /* ViewController.m */,
				2764541721913C8E00758BEA /* Main.storyboard */,
				2764541A21913C9E00758BEA /* Assets.xcassets */,
				2764541C21913C9E00758BEA /* LaunchScreen.storyboard */,
				2764541F21913C9E00758BEA /* Info.plist */,
				2764542021913C9E00758BEA /* main.m */,
			);
			path = "CollectionView的收起展开";
			sourceTree = "<group>";
		};
		2764542921913C9E00758BEA /* CollectionView的收起展开Tests */ = {
			isa = PBXGroup;
			children = (
				2764542A21913C9E00758BEA /* CollectionView_____Tests.m */,
				2764542C21913C9E00758BEA /* Info.plist */,
			);
			path = "CollectionView的收起展开Tests";
			sourceTree = "<group>";
		};
		2764543421913C9E00758BEA /* CollectionView的收起展开UITests */ = {
			isa = PBXGroup;
			children = (
				2764543521913C9E00758BEA /* CollectionView_____UITests.m */,
				2764543721913C9E00758BEA /* Info.plist */,
			);
			path = "CollectionView的收起展开UITests";
			sourceTree = "<group>";
		};
/* End PBXGroup section */

/* Begin PBXNativeTarget section */
		2764540D21913C8C00758BEA /* CollectionView的收起展开 */ = {
			isa = PBXNativeTarget;
			buildConfigurationList = 2764543A21913C9E00758BEA /* Build configuration list for PBXNativeTarget "CollectionView的收起展开" */;
			buildPhases = (
				2764540A21913C8C00758BEA /* Sources */,
				2764540B21913C8C00758BEA /* Frameworks */,
				2764540C21913C8C00758BEA /* Resources */,
			);
			buildRules = (
			);
			dependencies = (
			);
			name = "CollectionView的收起展开";
			productName = "CollectionView的收起展开";
			productReference = 2764540E21913C8C00758BEA /* CollectionView的收起展开.app */;
			productType = "com.apple.product-type.application";
		};
		2764542521913C9E00758BEA /* CollectionView的收起展开Tests */ = {
			isa = PBXNativeTarget;
			buildConfigurationList = 2764543D21913C9E00758BEA /* Build configuration list for PBXNativeTarget "CollectionView的收起展开Tests" */;
			buildPhases = (
				2764542221913C9E00758BEA /* Sources */,
				2764542321913C9E00758BEA /* Frameworks */,
				2764542421913C9E00758BEA /* Resources */,
			);
			buildRules = (
			);
			dependencies = (
				2764542821913C9E00758BEA /* PBXTargetDependency */,
			);
			name = "CollectionView的收起展开Tests";
			productName = "CollectionView的收起展开Tests";
			productReference = 2764542621913C9E00758BEA /* CollectionView的收起展开Tests.xctest */;
			productType = "com.apple.product-type.bundle.unit-test";
		};
		2764543021913C9E00758BEA /* CollectionView的收起展开UITests */ = {
			isa = PBXNativeTarget;
			buildConfigurationList = 2764544021913C9E00758BEA /* Build configuration list for PBXNativeTarget "CollectionView的收起展开UITests" */;
			buildPhases = (
				2764542D21913C9E00758BEA /* Sources */,
				2764542E21913C9E00758BEA /* Frameworks */,
				2764542F21913C9E00758BEA /* Resources */,
			);
			buildRules = (
			);
			dependencies = (
				2764543321913C9E00758BEA /* PBXTargetDependency */,
			);
			name = "CollectionView的收起展开UITests";
			productName = "CollectionView的收起展开UITests";
			productReference = 2764543121913C9E00758BEA /* CollectionView的收起展开UITests.xctest */;
			productType = "com.apple.product-type.bundle.ui-testing";
		};
/* End PBXNativeTarget section */

/* Begin PBXProject section */
		2764540621913C8C00758BEA /* Project object */ = {
			isa = PBXProject;
			attributes = {
				LastUpgradeCheck = 1000;
				ORGANIZATIONNAME = "尤艺琪";
				TargetAttributes = {
					2764540D21913C8C00758BEA = {
						CreatedOnToolsVersion = 10.0;
					};
					2764542521913C9E00758BEA = {
						CreatedOnToolsVersion = 10.0;
						TestTargetID = 2764540D21913C8C00758BEA;
					};
					2764543021913C9E00758BEA = {
						CreatedOnToolsVersion = 10.0;
						TestTargetID = 2764540D21913C8C00758BEA;
					};
				};
			};
			buildConfigurationList = 2764540921913C8C00758BEA /* Build configuration list for PBXProject "CollectionView的收起展开" */;
			compatibilityVersion = "Xcode 9.3";
			developmentRegion = en;
			hasScannedForEncodings = 0;
			knownRegions = (
				en,
				Base,
			);
			mainGroup = 2764540521913C8B00758BEA;
			productRefGroup = 2764540F21913C8C00758BEA /* Products */;
			projectDirPath = "";
			projectRoot = "";
			targets = (
				2764540D21913C8C00758BEA /* CollectionView的收起展开 */,
				2764542521913C9E00758BEA /* CollectionView的收起展开Tests */,
				2764543021913C9E00758BEA /* CollectionView的收起展开UITests */,
			);
		};
/* End PBXProject section */

/* Begin PBXResourcesBuildPhase section */
		2764540C21913C8C00758BEA /* Resources */ = {
			isa = PBXResourcesBuildPhase;
			buildActionMask = 2147483647;
			files = (
				2764541E21913C9E00758BEA /* LaunchScreen.storyboard in Resources */,
				2764541B21913C9E00758BEA /* Assets.xcassets in Resources */,
				2764541921913C8E00758BEA /* Main.storyboard in Resources */,
			);
			runOnlyForDeploymentPostprocessing = 0;
		};
		2764542421913C9E00758BEA /* Resources */ = {
			isa = PBXResourcesBuildPhase;
			buildActionMask = 2147483647;
			files = (
			);
			runOnlyForDeploymentPostprocessing = 0;
		};
		2764542F21913C9E00758BEA /* Resources */ = {
			isa = PBXResourcesBuildPhase;
			buildActionMask = 2147483647;
			files = (
			);
			runOnlyForDeploymentPostprocessing = 0;
		};
/* End PBXResourcesBuildPhase section */

/* Begin PBXSourcesBuildPhase section */
		2764540A21913C8C00758BEA /* Sources */ = {
			isa = PBXSourcesBuildPhase;
			buildActionMask = 2147483647;
			files = (
				2764541621913C8E00758BEA /* ViewController.m in Sources */,
				2764542121913C9E00758BEA /* main.m in Sources */,
				2764541321913C8D00758BEA /* AppDelegate.m in Sources */,
			);
			runOnlyForDeploymentPostprocessing = 0;
		};
		2764542221913C9E00758BEA /* Sources */ = {
			isa = PBXSourcesBuildPhase;
			buildActionMask = 2147483647;
			files = (
				2764542B21913C9E00758BEA /* CollectionView_____Tests.m in Sources */,
			);
			runOnlyForDeploymentPostprocessing = 0;
		};
		2764542D21913C9E00758BEA /* Sources */ = {
			isa = PBXSourcesBuildPhase;
			buildActionMask = 2147483647;
			files = (
				2764543621913C9E00758BEA /* CollectionView_____UITests.m in Sources */,
			);
			runOnlyForDeploymentPostprocessing = 0;
		};
/* End PBXSourcesBuildPhase section */

/* Begin PBXTargetDependency section */
		2764542821913C9E00758BEA /* PBXTargetDependency */ = {
			isa = PBXTargetDependency;
			target = 2764540D21913C8C00758BEA /* CollectionView的收起展开 */;
			targetProxy = 2764542721913C9E00758BEA /* PBXContainerItemProxy */;
		};
		2764543321913C9E00758BEA /* PBXTargetDependency */ = {
			isa = PBXTargetDependency;
			target = 2764540D21913C8C00758BEA /* CollectionView的收起展开 */;
			targetProxy = 2764543221913C9E00758BEA /* PBXContainerItemProxy */;
		};
/* End PBXTargetDependency section */

/* Begin PBXVariantGroup section */
		2764541721913C8E00758BEA /* Main.storyboard */ = {
			isa = PBXVariantGroup;
			children = (
				2764541821913C8E00758BEA /* Base */,
			);
			name = Main.storyboard;
			sourceTree = "<group>";
		};
		2764541C21913C9E00758BEA /* LaunchScreen.storyboard */ = {
			isa = PBXVariantGroup;
			children = (
				2764541D21913C9E00758BEA /* Base */,
			);
			name = LaunchScreen.storyboard;
			sourceTree = "<group>";
		};
/* End PBXVariantGroup section */

/* Begin XCBuildConfiguration section */
		2764543821913C9E00758BEA /* Debug */ = {
			isa = XCBuildConfiguration;
			buildSettings = {
				ALWAYS_SEARCH_USER_PATHS = NO;
				CLANG_ANALYZER_NONNULL = YES;
				CLANG_ANALYZER_NUMBER_OBJECT_CONVERSION = YES_AGGRESSIVE;
				CLANG_CXX_LANGUAGE_STANDARD = "gnu++14";
				CLANG_CXX_LIBRARY = "libc++";
				CLANG_ENABLE_MODULES = YES;
				CLANG_ENABLE_OBJC_ARC = YES;
				CLANG_ENABLE_OBJC_WEAK = YES;
				CLANG_WARN_BLOCK_CAPTURE_AUTORELEASING = YES;
				CLANG_WARN_BOOL_CONVERSION = YES;
				CLANG_WARN_COMMA = YES;
				CLANG_WARN_CONSTANT_CONVERSION = YES;
				CLANG_WARN_DEPRECATED_OBJC_IMPLEMENTATIONS = YES;
				CLANG_WARN_DIRECT_OBJC_ISA_USAGE = YES_ERROR;
				CLANG_WARN_DOCUMENTATION_COMMENTS = YES;
				CLANG_WARN_EMPTY_BODY = YES;
				CLANG_WARN_ENUM_CONVERSION = YES;
				CLANG_WARN_INFINITE_RECURSION = YES;
				CLANG_WARN_INT_CONVERSION = YES;
				CLANG_WARN_NON_LITERAL_NULL_CONVERSION = YES;
				CLANG_WARN_OBJC_IMPLICIT_RETAIN_SELF = YES;
				CLANG_WARN_OBJC_LITERAL_CONVERSION = YES;
				CLANG_WARN_OBJC_ROOT_CLASS = YES_ERROR;
				CLANG_WARN_RANGE_LOOP_ANALYSIS = YES;
				CLANG_WARN_STRICT_PROTOTYPES = YES;
				CLANG_WARN_SUSPICIOUS_MOVE = YES;
				CLANG_WARN_UNGUARDED_AVAILABILITY = YES_AGGRESSIVE;
				CLANG_WARN_UNREACHABLE_CODE = YES;
				CLANG_WARN__DUPLICATE_METHOD_MATCH = YES;
				CODE_SIGN_IDENTITY = "iPhone Developer";
				COPY_PHASE_STRIP = NO;
				DEBUG_INFORMATION_FORMAT = dwarf;
				ENABLE_STRICT_OBJC_MSGSEND = YES;
				ENABLE_TESTABILITY = YES;
				GCC_C_LANGUAGE_STANDARD = gnu11;
				GCC_DYNAMIC_NO_PIC = NO;
				GCC_NO_COMMON_BLOCKS = YES;
				GCC_OPTIMIZATION_LEVEL = 0;
				GCC_PREPROCESSOR_DEFINITIONS = (
					"DEBUG=1",
					"$(inherited)",
				);
				GCC_WARN_64_TO_32_BIT_CONVERSION = YES;
				GCC_WARN_ABOUT_RETURN_TYPE = YES_ERROR;
				GCC_WARN_UNDECLARED_SELECTOR = YES;
				GCC_WARN_UNINITIALIZED_AUTOS = YES_AGGRESSIVE;
				GCC_WARN_UNUSED_FUNCTION = YES;
				GCC_WARN_UNUSED_VARIABLE = YES;
				IPHONEOS_DEPLOYMENT_TARGET = 12.0;
				MTL_ENABLE_DEBUG_INFO = INCLUDE_SOURCE;
				MTL_FAST_MATH = YES;
				ONLY_ACTIVE_ARCH = YES;
				SDKROOT = iphoneos;
			};
			name = Debug;
		};
		2764543921913C9E00758BEA /* Release */ = {
			isa = XCBuildConfiguration;
			buildSettings = {
				ALWAYS_SEARCH_USER_PATHS = NO;
				CLANG_ANALYZER_NONNULL = YES;
				CLANG_ANALYZER_NUMBER_OBJECT_CONVERSION = YES_AGGRESSIVE;
				CLANG_CXX_LANGUAGE_STANDARD = "gnu++14";
				CLANG_CXX_LIBRARY = "libc++";
				CLANG_ENABLE_MODULES = YES;
				CLANG_ENABLE_OBJC_ARC = YES;
				CLANG_ENABLE_OBJC_WEAK = YES;
				CLANG_WARN_BLOCK_CAPTURE_AUTORELEASING = YES;
				CLANG_WARN_BOOL_CONVERSION = YES;
				CLANG_WARN_COMMA = YES;
				CLANG_WARN_CONSTANT_CONVERSION = YES;
				CLANG_WARN_DEPRECATED_OBJC_IMPLEMENTATIONS = YES;
				CLANG_WARN_DIRECT_OBJC_ISA_USAGE = YES_ERROR;
				CLANG_WARN_DOCUMENTATION_COMMENTS = YES;
				CLANG_WARN_EMPTY_BODY = YES;
				CLANG_WARN_ENUM_CONVERSION = YES;
				CLANG_WARN_INFINITE_RECURSION = YES;
				CLANG_WARN_INT_CONVERSION = YES;
				CLANG_WARN_NON_LITERAL_NULL_CONVERSION = YES;
				CLANG_WARN_OBJC_IMPLICIT_RETAIN_SELF = YES;
				CLANG_WARN_OBJC_LITERAL_CONVERSION = YES;
				CLANG_WARN_OBJC_ROOT_CLASS = YES_ERROR;
				CLANG_WARN_RANGE_LOOP_ANALYSIS = YES;
				CLANG_WARN_STRICT_PROTOTYPES = YES;
				CLANG_WARN_SUSPICIOUS_MOVE = YES;
				CLANG_WARN_UNGUARDED_AVAILABILITY = YES_AGGRESSIVE;
				CLANG_WARN_UNREACHABLE_CODE = YES;
				CLANG_WARN__DUPLICATE_METHOD_MATCH = YES;
				CODE_SIGN_IDENTITY = "iPhone Developer";
				COPY_PHASE_STRIP = NO;
				DEBUG_INFORMATION_FORMAT = "dwarf-with-dsym";
				ENABLE_NS_ASSERTIONS = NO;
				ENABLE_STRICT_OBJC_MSGSEND = YES;
				GCC_C_LANGUAGE_STANDARD = gnu11;
				GCC_NO_COMMON_BLOCKS = YES;
				GCC_WARN_64_TO_32_BIT_CONVERSION = YES;
				GCC_WARN_ABOUT_RETURN_TYPE = YES_ERROR;
				GCC_WARN_UNDECLARED_SELECTOR = YES;
				GCC_WARN_UNINITIALIZED_AUTOS = YES_AGGRESSIVE;
				GCC_WARN_UNUSED_FUNCTION = YES;
				GCC_WARN_UNUSED_VARIABLE = YES;
				IPHONEOS_DEPLOYMENT_TARGET = 12.0;
				MTL_ENABLE_DEBUG_INFO = NO;
				MTL_FAST_MATH = YES;
				SDKROOT = iphoneos;
				VALIDATE_PRODUCT = YES;
			};
			name = Release;
		};
		2764543B21913C9E00758BEA /* Debug */ = {
			isa = XCBuildConfiguration;
			buildSettings = {
				ASSETCATALOG_COMPILER_APPICON_NAME = AppIcon;
				CODE_SIGN_STYLE = Automatic;
				INFOPLIST_FILE = "CollectionView的收起展开/Info.plist";
				LD_RUNPATH_SEARCH_PATHS = (
					"$(inherited)",
					"@executable_path/Frameworks",
				);
				PRODUCT_BUNDLE_IDENTIFIER = "yyq.CollectionView-----";
				PRODUCT_NAME = "$(TARGET_NAME)";
				TARGETED_DEVICE_FAMILY = "1,2";
			};
			name = Debug;
		};
		2764543C21913C9E00758BEA /* Release */ = {
			isa = XCBuildConfiguration;
			buildSettings = {
				ASSETCATALOG_COMPILER_APPICON_NAME = AppIcon;
				CODE_SIGN_STYLE = Automatic;
				INFOPLIST_FILE = "CollectionView的收起展开/Info.plist";
				LD_RUNPATH_SEARCH_PATHS = (
					"$(inherited)",
					"@executable_path/Frameworks",
				);
				PRODUCT_BUNDLE_IDENTIFIER = "yyq.CollectionView-----";
				PRODUCT_NAME = "$(TARGET_NAME)";
				TARGETED_DEVICE_FAMILY = "1,2";
			};
			name = Release;
		};
		2764543E21913C9E00758BEA /* Debug */ = {
			isa = XCBuildConfiguration;
			buildSettings = {
				BUNDLE_LOADER = "$(TEST_HOST)";
				CODE_SIGN_STYLE = Automatic;
				INFOPLIST_FILE = "CollectionView的收起展开Tests/Info.plist";
				LD_RUNPATH_SEARCH_PATHS = (
					"$(inherited)",
					"@executable_path/Frameworks",
					"@loader_path/Frameworks",
				);
				PRODUCT_BUNDLE_IDENTIFIER = "yyq.CollectionView-----Tests";
				PRODUCT_NAME = "$(TARGET_NAME)";
				TARGETED_DEVICE_FAMILY = "1,2";
				TEST_HOST = "$(BUILT_PRODUCTS_DIR)/CollectionView的收起展开.app/CollectionView的收起展开";
			};
			name = Debug;
		};
		2764543F21913C9E00758BEA /* Release */ = {
			isa = XCBuildConfiguration;
			buildSettings = {
				BUNDLE_LOADER = "$(TEST_HOST)";
				CODE_SIGN_STYLE = Automatic;
				INFOPLIST_FILE = "CollectionView的收起展开Tests/Info.plist";
				LD_RUNPATH_SEARCH_PATHS = (
					"$(inherited)",
					"@executable_path/Frameworks",
					"@loader_path/Frameworks",
				);
				PRODUCT_BUNDLE_IDENTIFIER = "yyq.CollectionView-----Tests";
				PRODUCT_NAME = "$(TARGET_NAME)";
				TARGETED_DEVICE_FAMILY = "1,2";
				TEST_HOST = "$(BUILT_PRODUCTS_DIR)/CollectionView的收起展开.app/CollectionView的收起展开";
			};
			name = Release;
		};
		2764544121913C9E00758BEA /* Debug */ = {
			isa = XCBuildConfiguration;
			buildSettings = {
				CODE_SIGN_STYLE = Automatic;
				INFOPLIST_FILE = "CollectionView的收起展开UITests/Info.plist";
				LD_RUNPATH_SEARCH_PATHS = (
					"$(inherited)",
					"@executable_path/Frameworks",
					"@loader_path/Frameworks",
				);
				PRODUCT_BUNDLE_IDENTIFIER = "yyq.CollectionView-----UITests";
				PRODUCT_NAME = "$(TARGET_NAME)";
				TARGETED_DEVICE_FAMILY = "1,2";
				TEST_TARGET_NAME = "CollectionView的收起展开";
			};
			name = Debug;
		};
		2764544221913C9E00758BEA /* Release */ = {
			isa = XCBuildConfiguration;
			buildSettings = {
				CODE_SIGN_STYLE = Automatic;
				INFOPLIST_FILE = "CollectionView的收起展开UITests/Info.plist";
				LD_RUNPATH_SEARCH_PATHS = (
					"$(inherited)",
					"@executable_path/Frameworks",
					"@loader_path/Frameworks",
				);
				PRODUCT_BUNDLE_IDENTIFIER = "yyq.CollectionView-----UITests";
				PRODUCT_NAME = "$(TARGET_NAME)";
				TARGETED_DEVICE_FAMILY = "1,2";
				TEST_TARGET_NAME = "CollectionView的收起展开";
			};
			name = Release;
		};
/* End XCBuildConfiguration section */

/* Begin XCConfigurationList section */
		2764540921913C8C00758BEA /* Build configuration list for PBXProject "CollectionView的收起展开" */ = {
			isa = XCConfigurationList;
			buildConfigurations = (
				2764543821913C9E00758BEA /* Debug */,
				2764543921913C9E00758BEA /* Release */,
			);
			defaultConfigurationIsVisible = 0;
			defaultConfigurationName = Release;
		};
		2764543A21913C9E00758BEA /* Build configuration list for PBXNativeTarget "CollectionView的收起展开" */ = {
			isa = XCConfigurationList;
			buildConfigurations = (
				2764543B21913C9E00758BEA /* Debug */,
				2764543C21913C9E00758BEA /* Release */,
			);
			defaultConfigurationIsVisible = 0;
			defaultConfigurationName = Release;
		};
		2764543D21913C9E00758BEA /* Build configuration list for PBXNativeTarget "CollectionView的收起展开Tests" */ = {
			isa = XCConfigurationList;
			buildConfigurations = (
				2764543E21913C9E00758BEA /* Debug */,
				2764543F21913C9E00758BEA /* Release */,
			);
			defaultConfigurationIsVisible = 0;
			defaultConfigurationName = Release;
		};
		2764544021913C9E00758BEA /* Build configuration list for PBXNativeTarget "CollectionView的收起展开UITests" */ = {
			isa = XCConfigurationList;
			buildConfigurations = (
				2764544121913C9E00758BEA /* Debug */,
				2764544221913C9E00758BEA /* Release */,
			);
			defaultConfigurationIsVisible = 0;
			defaultConfigurationName = Release;
		};
/* End XCConfigurationList section */
	};
	rootObject = 2764540621913C8C00758BEA /* Project object */;
}
